
Microsoft Visual Studio Solution File, Format Version 12.00
# Visual Studio Version 17
VisualStudioVersion = 17.3.32922.545
MinimumVisualStudioVersion = 10.0.40219.1
Project("{FAE04EC0-301F-11D3-BF4B-00C04F79EFBC}") = "BulkRenamer", "BulkRenamer\BulkRenamer.csproj", "{2430054F-78D6-4EB3-82A1-32BED8F9E237}"
EndProject
Global
	GlobalSection(SolutionConfigurationPlatforms) = preSolution
		Debug|Any CPU = Debug|Any CPU
		Release|Any CPU = Release|Any CPU
	EndGlobalSection
	GlobalSection(ProjectConfigurationPlatforms) = postSolution
		{2430054F-78D6-4EB3-82A1-32BED8F9E237}.Debug|Any CPU.ActiveCfg = Debug|Any CPU
		{2430054F-78D6-4EB3-82A1-32BED8F9E237}.Debug|Any CPU.Build.0 = Debug|Any CPU
		{2430054F-78D6-4EB3-82A1-32BED8F9E237}.Release|Any CPU.ActiveCfg = Release|Any CPU
		{2430054F-78D6-4EB3-82A1-32BED8F9E237}.Release|Any CPU.Build.0 = Release|Any CPU
	EndGlobalSection
	GlobalSection(SolutionProperties) = preSolution
		HideSolutionNode = FALSE
	EndGlobalSection
	GlobalSection(ExtensibilityGlobals) = postSolution
		SolutionGuid = {7071AD03-C4F6-42EF-81D1-B908835BA1BC}
	EndGlobalSection
EndGlobal
